{
    "_meta": {
        "hash": {
            "sha256": "225dd92f73026229cd7c5be528904c75969dd12f7638d78aa43ec23792a627be"
        },
        "pipfile-spec": 6,
        "requires": {
            "python_version": "3.8"
        },
        "sources": [
            {
                "name": "pypi",
                "url": "https://pypi.org/simple",
                "verify_ssl": true
            }
        ]
    },
    "default": {
        "boto3": {
            "hashes": [
                "sha256:8df0215521969e229a6a004eedc6a484a3656611ddee698419d3658ae9c53c50",
                "sha256:a42900a0ea75600a76b371b03ac645461e4f3c97bb13ae5136bb4d3c87c6c110"
            ],
            "index": "pypi",
            "version": "==1.24.0"
        },
        "botocore": {
            "hashes": [
                "sha256:131f71fe16ef84f9e0e72c54d2e230a6d8e79dd3947f507259a129649649a35d",
                "sha256:b7cdd4f4a6395a084a381a7d2a25b177e6de5f8a4dfa3c645ec957ba3c83e200"
            ],
            "markers": "python_version >= '3.7'",
            "version": "==1.27.2"
        },
        "colorama": {
            "hashes": [
                "sha256:5941b2b48a20143d2267e95b1c2a7603ce057ee39fd88e7329b0c292aa16869b",
                "sha256:9f47eda37229f68eee03b24b9748937c7dc3868f906e8ba69fbcbdd3bc5dc3e2"
            ],
            "index": "pypi",
            "version": "==0.4.4"
        },
        "dependency-injector": {
            "hashes": [
                "sha256:029e42b064ab8cb5b2559be040ff682c7aa81592f1654a82355475956df17803",
                "sha256:0935d50b263169e7b0826a2fb6be80d6a4f2a7c59e6dd9876f86da3243bea9eb",
                "sha256:17389e53ec29ca13570319cf2065dcc4c2f6d36db5dd792bb1e8f2c39a9f146b",
                "sha256:2728827c5abb2420c5811e218262ae1b77a48e76cc9eebc6b4f55fee48a1a18d",
                "sha256:27f69485ca6b85c31d162ee86cf6ef71bb71dce9cd2b5d0745425dfc551eefa1",
                "sha256:305e3db3f4bf40f64caaa1303e03005174e78d2339d2ae517b34c011ec2300f9",
                "sha256:340d6e7af5c4729d20c837d6d1e8a2626c24a05259dff746406cc823e26ba1e7",
                "sha256:3c34aa5abb1826b6189f47daf6e469d4293c1d01693233da2c1b923816270cc5",
                "sha256:4349974620f630d6726808e1291ec99713b64d449b84eb01581ee807a5a5c224",
                "sha256:4704804bde25b694aa65201927937a9d82d8bc055cb3dadc68eb05988bd34fa9",
                "sha256:55b0988489267c5a580f419133770ffe293057f2064da1c9ad6a2cc69666739b",
                "sha256:66ebe728194adc8720dbc4d662edbbfa55659ff23c9c493fb2dae0bfd4df5734",
                "sha256:6d7f39cd54678741e132e13da3a1367ac18058cbda61fe39d61c8583aa6fd757",
                "sha256:7a27bf1951a066cf347b886cc7ab0f37dcbd1ad59bffcfe721c8c12a189a150d",
                "sha256:84e32407bb16c58aa0d4b5ed8485537bc66ccc14cfffae7022f1204e35ec939a",
                "sha256:8efd965e5cfdd9f339ec895e73c119569851adedc175088d34a670f5206fea63",
                "sha256:9950039d00625f9252cd26378a4406342b256886bb61e4db8b65e9f01270f53e",
                "sha256:9ab76dc5e19b2692aaca49e00f9b41a087138d139b0ec985f92ff0498f038772",
                "sha256:9c7baaa64d93359ee08c15d68579cc803e11d9becaf961f5a66b94ff627248e1",
                "sha256:a14274f50d125b4579314c355e22af07def1a96641ca94bd75edcf1400b89477",
                "sha256:a1553dac1c95f0de1f910b0025ee4570ea078a07d576bcdc2168990e719cea50",
                "sha256:a25b63de59dff04ec78f5161f00c0222a04a23def5d1f0eda14e389a32baf428",
                "sha256:a661dd23a5e4e2f6bf4a729de7fadbe148c9a4a298dbcadfc5a94584b6930970",
                "sha256:a8ddd03ca86e67e9d3cc038793d34fbfccab12e6145df813e72bf14f9371f2ea",
                "sha256:b297c3e79d3633cc56366386ae1f7dbce1587673cca2f559c368c1e936a1fa94",
                "sha256:c788a3d5482e63b5fd55e14fc258f1ff0b51b411927ab132ef0f689cb5d1183f",
                "sha256:ca126bbed370b8c002c859ebeb76f6d83eba2d7fb5d66f37f47cfc19661d2889",
                "sha256:d0832e0457a360725cd1d1037b77b85478aeeaacc60e85ecceeb8020409e7b62",
                "sha256:d51998fff9704fd01d11c3c48f4e88d8506cb6afa1ee41409a881a5a51dae3fc",
                "sha256:d87cad0899b05cd08931bfb68ddf7be77711a67b0649c37f2045d7808977b082",
                "sha256:da6e2d685f7d0c65257f08133b68d9bf74ec319b90a0f21b4f629d168ce5f68f",
                "sha256:db64904c9b9a88756cfece3e3ed078a2b57127642711dd08af342dba8abf9667",
                "sha256:e01a319ea05cd86b520201386dcb53a81a5400cb82fcc2f006bd7e92c0c51a0a",
                "sha256:e2368c7ba3c9ffaf816ea0f2d14c78d481491b805f62ac8496a78a51397d4689",
                "sha256:ea484cd13fc62966bf5582df0816205feee072d18f228aac75f7807b43f223ae",
                "sha256:f2d80a42c546e1f934d427b071630d86653cd4a60c74b570c4ffb03025c1f1f9"
            ],
            "index": "pypi",
            "version": "==4.39.1"
        },
        "jmespath": {
            "hashes": [
                "sha256:a490e280edd1f57d6de88636992d05b71e97d69a26a19f058ecf7d304474bf5e",
                "sha256:e8dcd576ed616f14ec02eed0005c85973b5890083313860136657e24784e4c04"
            ],
            "markers": "python_version >= '3.7'",
            "version": "==1.0.0"
        },
        "python-dateutil": {
            "hashes": [
                "sha256:0123cacc1627ae19ddf3c27a5de5bd67ee4586fbdd6440d9748f8abb483d3e86",
                "sha256:961d03dc3453ebbc59dbdea9e4e11c5651520a876d0f4db161e8674aae935da9"
            ],
            "markers": "python_version >= '2.7' and python_version not in '3.0, 3.1, 3.2, 3.3'",
            "version": "==2.8.2"
        },
        "s3transfer": {
            "hashes": [
                "sha256:06176b74f3a15f61f1b4f25a1fc29a4429040b7647133a463da8fa5bd28d5ecd",
                "sha256:2ed07d3866f523cc561bf4a00fc5535827981b117dd7876f036b0c1aca42c947"
            ],
            "markers": "python_version >= '3.7'",
            "version": "==0.6.0"
        },
        "six": {
            "hashes": [
                "sha256:1e61c37477a1626458e36f7b1d82aa5c9b094fa4802892072e49de9c60c4c926",
                "sha256:8abb2f1d86890a2dfb989f9a77cfcfd3e47c2a354b01111771326f8aa26e0254"
            ],
            "markers": "python_version >= '2.7' and python_version not in '3.0, 3.1, 3.2, 3.3'",
            "version": "==1.16.0"
        },
        "urllib3": {
            "hashes": [
                "sha256:44ece4d53fb1706f667c9bd1c648f5469a2ec925fcf3a776667042d645472c14",
                "sha256:aabaf16477806a5e1dd19aa41f8c2b7950dd3c746362d7e3223dbe6de6ac448e"
            ],
            "markers": "python_version >= '2.7' and python_version not in '3.0, 3.1, 3.2, 3.3, 3.4' and python_version < '4'",
            "version": "==1.26.9"
        }
    },
    "develop": {}
}
